
Microsoft Visual Studio Solution File, Format Version 12.00
# Visual Studio Version 18
VisualStudioVersion = 18.0.11018.127 d18.0
MinimumVisualStudioVersion = 10.0.40219.1
Project("{FAE04EC0-301F-11D3-BF4B-00C04F79EFBC}") = "NovaStayHotel", "NovaStayHotel.csproj", "{82B8767C-1F72-4899-85DB-05A238EAE1DF}"
EndProject
Project("{FAE04EC0-301F-11D3-BF4B-00C04F79EFBC}") = "NovaStayHotel.Tests", "..\NovaStayHotel.Tests\NovaStayHotel.Tests.csproj", "{7233AE1B-7B4D-42EE-B7BD-976C294BCD4F}"
EndProject
Global
	GlobalSection(SolutionConfigurationPlatforms) = preSolution
		Debug|Any CPU = Debug|Any CPU
		Release|Any CPU = Release|Any CPU
	EndGlobalSection
	GlobalSection(ProjectConfigurationPlatforms) = postSolution
		{82B8767C-1F72-4899-85DB-05A238EAE1DF}.Debug|Any CPU.ActiveCfg = Debug|Any CPU
		{82B8767C-1F72-4899-85DB-05A238EAE1DF}.Debug|Any CPU.Build.0 = Debug|Any CPU
		{82B8767C-1F72-4899-85DB-05A238EAE1DF}.Release|Any CPU.ActiveCfg = Release|Any CPU
		{82B8767C-1F72-4899-85DB-05A238EAE1DF}.Release|Any CPU.Build.0 = Release|Any CPU
		{7233AE1B-7B4D-42EE-B7BD-976C294BCD4F}.Debug|Any CPU.ActiveCfg = Debug|Any CPU
		{7233AE1B-7B4D-42EE-B7BD-976C294BCD4F}.Debug|Any CPU.Build.0 = Debug|Any CPU
		{7233AE1B-7B4D-42EE-B7BD-976C294BCD4F}.Release|Any CPU.ActiveCfg = Release|Any CPU
		{7233AE1B-7B4D-42EE-B7BD-976C294BCD4F}.Release|Any CPU.Build.0 = Release|Any CPU
	EndGlobalSection
	GlobalSection(SolutionProperties) = preSolution
		HideSolutionNode = FALSE
	EndGlobalSection
	GlobalSection(ExtensibilityGlobals) = postSolution
		SolutionGuid = {CABD3F6C-5218-43DD-9F29-DF7BFC70E21F}
	EndGlobalSection
EndGlobal
